{
  "version": 4,
  "terraform_version": "1.14.0",
  "serial": 39,
  "lineage": "9cd12b8e-44d7-f17f-8acb-398feec6fc27",
  "outputs": {},
  "resources": [
    {
      "module": "module.qos_apic1_a",
      "mode": "managed",
      "type": "aci_rest_managed",
      "name": "qos_class_congestion",
      "provider": "provider[\"registry.terraform.io/ciscodevnet/aci\"].apic1-a",
      "instances": [
        {
          "schema_version": 0,
          "attributes": {
            "annotation": "orchestrator:terraform",
            "child": [],
            "class_name": "qosCong",
            "content": {
              "algo": "wred",
              "ecn": "enabled",
              "forwardNonEcn": "enabled",
              "wredMaxThreshold": "60",
              "wredMinThreshold": "40",
              "wredProbability": "0"
            },
            "dn": "uni/infra/qosinst-default/class-level2/cong",
            "escape_html": true,
            "id": "uni/infra/qosinst-default/class-level2/cong"
          },
          "sensitive_attributes": [],
          "identity_schema_version": 0,
          "dependencies": [
            "module.qos_apic1_a.aci_rest_managed.qos_class_level2"
          ]
        }
      ]
    },
    {
      "module": "module.qos_apic1_a",
      "mode": "managed",
      "type": "aci_rest_managed",
      "name": "qos_class_level2",
      "provider": "provider[\"registry.terraform.io/ciscodevnet/aci\"].apic1-a",
      "instances": [
        {
          "schema_version": 0,
          "attributes": {
            "annotation": "orchestrator:terraform",
            "child": [],
            "class_name": "qosClass",
            "content": {
              "admin": "enabled",
              "prio": "level2"
            },
            "dn": "uni/infra/qosinst-default/class-level2",
            "escape_html": true,
            "id": "uni/infra/qosinst-default/class-level2"
          },
          "sensitive_attributes": [],
          "identity_schema_version": 0
        }
      ]
    },
    {
      "module": "module.qos_apic1_a",
      "mode": "managed",
      "type": "aci_rest_managed",
      "name": "qos_class_scheduling",
      "provider": "provider[\"registry.terraform.io/ciscodevnet/aci\"].apic1-a",
      "instances": [
        {
          "schema_version": 0,
          "attributes": {
            "annotation": "orchestrator:terraform",
            "child": [],
            "class_name": "qosSched",
            "content": {
              "bw": "60"
            },
            "dn": "uni/infra/qosinst-default/class-level2/sched",
            "escape_html": true,
            "id": "uni/infra/qosinst-default/class-level2/sched"
          },
          "sensitive_attributes": [],
          "identity_schema_version": 0,
          "dependencies": [
            "module.qos_apic1_a.aci_rest_managed.qos_class_level2"
          ]
        }
      ]
    },
    {
      "module": "module.qos_apic1_a",
      "mode": "managed",
      "type": "null_resource",
      "name": "enable_pfc_via_curl",
      "provider": "provider[\"registry.terraform.io/hashicorp/null\"]",
      "instances": [
        {
          "schema_version": 0,
          "attributes": {
            "id": "1383978753184312876",
            "triggers": null
          },
          "sensitive_attributes": [],
          "identity_schema_version": 0
        }
      ]
    },
    {
      "module": "module.qos_apic1_a",
      "mode": "managed",
      "type": "null_resource",
      "name": "reset_qos_apic1a",
      "provider": "provider[\"registry.terraform.io/hashicorp/null\"]",
      "instances": [
        {
          "schema_version": 0,
          "attributes": {
            "id": "5352164444234013096",
            "triggers": null
          },
          "sensitive_attributes": [],
          "identity_schema_version": 0
        }
      ]
    },
    {
      "module": "module.qos_apic1_a",
      "mode": "managed",
      "type": "null_resource",
      "name": "reset_qos_apic1b",
      "provider": "provider[\"registry.terraform.io/hashicorp/null\"]",
      "instances": [
        {
          "schema_version": 0,
          "attributes": {
            "id": "6699316616698251731",
            "triggers": null
          },
          "sensitive_attributes": [],
          "identity_schema_version": 0
        }
      ]
    },
    {
      "module": "module.qos_apic1_b",
      "mode": "managed",
      "type": "aci_rest_managed",
      "name": "qos_class_congestion",
      "provider": "provider[\"registry.terraform.io/ciscodevnet/aci\"].apic1-b",
      "instances": [
        {
          "schema_version": 0,
          "attributes": {
            "annotation": "orchestrator:terraform",
            "child": [],
            "class_name": "qosCong",
            "content": {
              "algo": "wred",
              "ecn": "enabled",
              "forwardNonEcn": "enabled",
              "wredMaxThreshold": "60",
              "wredMinThreshold": "40",
              "wredProbability": "0"
            },
            "dn": "uni/infra/qosinst-default/class-level2/cong",
            "escape_html": true,
            "id": "uni/infra/qosinst-default/class-level2/cong"
          },
          "sensitive_attributes": [],
          "identity_schema_version": 0,
          "dependencies": [
            "module.qos_apic1_b.aci_rest_managed.qos_class_level2"
          ]
        }
      ]
    },
    {
      "module": "module.qos_apic1_b",
      "mode": "managed",
      "type": "aci_rest_managed",
      "name": "qos_class_level2",
      "provider": "provider[\"registry.terraform.io/ciscodevnet/aci\"].apic1-b",
      "instances": [
        {
          "schema_version": 0,
          "attributes": {
            "annotation": "orchestrator:terraform",
            "child": [],
            "class_name": "qosClass",
            "content": {
              "admin": "enabled",
              "prio": "level2"
            },
            "dn": "uni/infra/qosinst-default/class-level2",
            "escape_html": true,
            "id": "uni/infra/qosinst-default/class-level2"
          },
          "sensitive_attributes": [],
          "identity_schema_version": 0
        }
      ]
    },
    {
      "module": "module.qos_apic1_b",
      "mode": "managed",
      "type": "aci_rest_managed",
      "name": "qos_class_scheduling",
      "provider": "provider[\"registry.terraform.io/ciscodevnet/aci\"].apic1-b",
      "instances": [
        {
          "schema_version": 0,
          "attributes": {
            "annotation": "orchestrator:terraform",
            "child": [],
            "class_name": "qosSched",
            "content": {
              "bw": "60"
            },
            "dn": "uni/infra/qosinst-default/class-level2/sched",
            "escape_html": true,
            "id": "uni/infra/qosinst-default/class-level2/sched"
          },
          "sensitive_attributes": [],
          "identity_schema_version": 0,
          "dependencies": [
            "module.qos_apic1_b.aci_rest_managed.qos_class_level2"
          ]
        }
      ]
    },
    {
      "module": "module.qos_apic1_b",
      "mode": "managed",
      "type": "null_resource",
      "name": "enable_pfc_via_curl",
      "provider": "provider[\"registry.terraform.io/hashicorp/null\"]",
      "instances": [
        {
          "schema_version": 0,
          "attributes": {
            "id": "3060197346832215755",
            "triggers": null
          },
          "sensitive_attributes": [],
          "identity_schema_version": 0
        }
      ]
    },
    {
      "module": "module.qos_apic1_b",
      "mode": "managed",
      "type": "null_resource",
      "name": "reset_qos_apic1a",
      "provider": "provider[\"registry.terraform.io/hashicorp/null\"]",
      "instances": [
        {
          "schema_version": 0,
          "attributes": {
            "id": "5210493719481809062",
            "triggers": null
          },
          "sensitive_attributes": [],
          "identity_schema_version": 0
        }
      ]
    },
    {
      "module": "module.qos_apic1_b",
      "mode": "managed",
      "type": "null_resource",
      "name": "reset_qos_apic1b",
      "provider": "provider[\"registry.terraform.io/hashicorp/null\"]",
      "instances": [
        {
          "schema_version": 0,
          "attributes": {
            "id": "7040635514047532662",
            "triggers": null
          },
          "sensitive_attributes": [],
          "identity_schema_version": 0
        }
      ]
    }
  ],
  "check_results": null
}
